
Microsoft Visual Studio Solution File, Format Version 12.00
# Visual Studio 2013
VisualStudioVersion = 12.0.31101.0
MinimumVisualStudioVersion = 10.0.40219.1
Project("{FAE04EC0-301F-11D3-BF4B-00C04F79EFBC}") = "GetLinkFromEmail", "GetLinkFromEmail\GetLinkFromEmail.csproj", "{90E07941-2D48-46EC-89BD-EDA45F19C399}"
EndProject
Project("{FAE04EC0-301F-11D3-BF4B-00C04F79EFBC}") = "GetLinkFromEmail.Tests", "GetLinkFromEmail.Tests\GetLinkFromEmail.Tests.csproj", "{60159E64-2E36-4BEE-8260-500D47FDD8F7}"
EndProject
Global
	GlobalSection(SolutionConfigurationPlatforms) = preSolution
		Debug|Any CPU = Debug|Any CPU
		Release|Any CPU = Release|Any CPU
	EndGlobalSection
	GlobalSection(ProjectConfigurationPlatforms) = postSolution
		{90E07941-2D48-46EC-89BD-EDA45F19C399}.Debug|Any CPU.ActiveCfg = Debug|Any CPU
		{90E07941-2D48-46EC-89BD-EDA45F19C399}.Debug|Any CPU.Build.0 = Debug|Any CPU
		{90E07941-2D48-46EC-89BD-EDA45F19C399}.Release|Any CPU.ActiveCfg = Release|Any CPU
		{90E07941-2D48-46EC-89BD-EDA45F19C399}.Release|Any CPU.Build.0 = Release|Any CPU
		{60159E64-2E36-4BEE-8260-500D47FDD8F7}.Debug|Any CPU.ActiveCfg = Debug|Any CPU
		{60159E64-2E36-4BEE-8260-500D47FDD8F7}.Debug|Any CPU.Build.0 = Debug|Any CPU
		{60159E64-2E36-4BEE-8260-500D47FDD8F7}.Release|Any CPU.ActiveCfg = Release|Any CPU
		{60159E64-2E36-4BEE-8260-500D47FDD8F7}.Release|Any CPU.Build.0 = Release|Any CPU
	EndGlobalSection
	GlobalSection(SolutionProperties) = preSolution
		HideSolutionNode = FALSE
	EndGlobalSection
EndGlobal
